
Microsoft Visual Studio Solution File, Format Version 12.00
# Visual Studio Version 17
VisualStudioVersion = 17.10.34928.147
MinimumVisualStudioVersion = 10.0.40219.1
Project("{FAE04EC0-301F-11D3-BF4B-00C04F79EFBC}") = "RepoPatternPrac", "RepoPatternPrac\RepoPatternPrac.csproj", "{A6474529-AF18-458C-9E13-C11AB6B38739}"
EndProject
Global
	GlobalSection(SolutionConfigurationPlatforms) = preSolution
		Debug|Any CPU = Debug|Any CPU
		Release|Any CPU = Release|Any CPU
	EndGlobalSection
	GlobalSection(ProjectConfigurationPlatforms) = postSolution
		{A6474529-AF18-458C-9E13-C11AB6B38739}.Debug|Any CPU.ActiveCfg = Debug|Any CPU
		{A6474529-AF18-458C-9E13-C11AB6B38739}.Debug|Any CPU.Build.0 = Debug|Any CPU
		{A6474529-AF18-458C-9E13-C11AB6B38739}.Release|Any CPU.ActiveCfg = Release|Any CPU
		{A6474529-AF18-458C-9E13-C11AB6B38739}.Release|Any CPU.Build.0 = Release|Any CPU
	EndGlobalSection
	GlobalSection(SolutionProperties) = preSolution
		HideSolutionNode = FALSE
	EndGlobalSection
	GlobalSection(ExtensibilityGlobals) = postSolution
		SolutionGuid = {E9E84FEC-FF01-443B-9515-5F838530DEB3}
	EndGlobalSection
EndGlobal
